
Microsoft Visual Studio Solution File, Format Version 12.00
# Visual Studio Version 17
VisualStudioVersion = 17.6.33723.286
MinimumVisualStudioVersion = 10.0.40219.1
Project("{FAE04EC0-301F-11D3-BF4B-00C04F79EFBC}") = "Задача1", "Задача1\Задача1.csproj", "{66B90C79-4B57-4C67-93A1-0F0E7DBFC46D}"
EndProject
Global
	GlobalSection(SolutionConfigurationPlatforms) = preSolution
		Debug|Any CPU = Debug|Any CPU
		Release|Any CPU = Release|Any CPU
	EndGlobalSection
	GlobalSection(ProjectConfigurationPlatforms) = postSolution
		{66B90C79-4B57-4C67-93A1-0F0E7DBFC46D}.Debug|Any CPU.ActiveCfg = Debug|Any CPU
		{66B90C79-4B57-4C67-93A1-0F0E7DBFC46D}.Debug|Any CPU.Build.0 = Debug|Any CPU
		{66B90C79-4B57-4C67-93A1-0F0E7DBFC46D}.Release|Any CPU.ActiveCfg = Release|Any CPU
		{66B90C79-4B57-4C67-93A1-0F0E7DBFC46D}.Release|Any CPU.Build.0 = Release|Any CPU
	EndGlobalSection
	GlobalSection(SolutionProperties) = preSolution
		HideSolutionNode = FALSE
	EndGlobalSection
	GlobalSection(ExtensibilityGlobals) = postSolution
		SolutionGuid = {938F734D-FF15-45CA-BDB6-047B64CEB3DE}
	EndGlobalSection
EndGlobal
